<?xml version="1.0" encoding="utf-8"?>
<Project ToolsVersion="4.0" xmlns="http://schemas.microsoft.com/developer/msbuild/2003">
  <ItemGroup>
    <None Include="packages.config" />
  </ItemGroup>
  <ItemGroup>
    <Filter Include="Quelldateien">
      <UniqueIdentifier>{542af474-c17b-4efa-b504-6fb2546b8a4a}</UniqueIdentifier>
      <Extensions>cpp;c;cc;cxx;def;odl;idl;hpj;bat;asm;asmx</Extensions>
    </Filter>
  </ItemGroup>
  <ItemGroup>
    <ClCompile Include="sources\angle_test.cpp">
      <Filter>Quelldateien</Filter>
    </ClCompile>
    <ClCompile Include="sources\binary_minus_angle_angle_test.cpp">
      <Filter>Quelldateien</Filter>
    </ClCompile>
    <ClCompile Include="sources\binary_plus_angle_angle_test.cpp">
      <Filter>Quelldateien</Filter>
    </ClCompile>
    <ClCompile Include="sources\unary_minus_angle_test.cpp">
      <Filter>Quelldateien</Filter>
    </ClCompile>
    <ClCompile Include="sources\unary_plus_angle_test.cpp">
      <Filter>Quelldateien</Filter>
    </ClCompile>
    <ClCompile Include="sources\binary_slash_angle_scalar_test.cpp">
      <Filter>Quelldateien</Filter>
    </ClCompile>
    <ClCompile Include="sources\binary_star_angle_scalar_test.cpp">
      <Filter>Quelldateien</Filter>
    </ClCompile>
    <ClCompile Include="sources\binary_star_scalar_angle_test.cpp">
      <Filter>Quelldateien</Filter>
    </ClCompile>
    <ClCompile Include="sources\minus_assignment_angle_angle_test.cpp">
      <Filter>Quelldateien</Filter>
    </ClCompile>
    <ClCompile Include="sources\plus_assignment_angle_angle_test.cpp">
      <Filter>Quelldateien</Filter>
    </ClCompile>
    <ClCompile Include="sources\star_assignment_angle_scalar_test.cpp">
      <Filter>Quelldateien</Filter>
    </ClCompile>
    <ClCompile Include="sources\slash_assignment_angle_scalar_test.cpp">
      <Filter>Quelldateien</Filter>
    </ClCompile>
  </ItemGroup>
</Project>